
Microsoft Visual Studio Solution File, Format Version 12.00
# Visual Studio Version 16
VisualStudioVersion = 16.0.31410.357
MinimumVisualStudioVersion = 10.0.40219.1
Project("{9A19103F-16F7-4668-BE54-9A1E7A4F7556}") = "IdentityServer.MultiTenant", "IdentityServer.MultiTenant\IdentityServer.MultiTenant.csproj", "{8E63D938-DCB5-46DB-B635-627255C06E15}"
EndProject
Global
	GlobalSection(SolutionConfigurationPlatforms) = preSolution
		Debug|Any CPU = Debug|Any CPU
		Release|Any CPU = Release|Any CPU
	EndGlobalSection
	GlobalSection(ProjectConfigurationPlatforms) = postSolution
		{8E63D938-DCB5-46DB-B635-627255C06E15}.Debug|Any CPU.ActiveCfg = Debug|Any CPU
		{8E63D938-DCB5-46DB-B635-627255C06E15}.Debug|Any CPU.Build.0 = Debug|Any CPU
		{8E63D938-DCB5-46DB-B635-627255C06E15}.Release|Any CPU.ActiveCfg = Release|Any CPU
		{8E63D938-DCB5-46DB-B635-627255C06E15}.Release|Any CPU.Build.0 = Release|Any CPU
	EndGlobalSection
	GlobalSection(SolutionProperties) = preSolution
		HideSolutionNode = FALSE
	EndGlobalSection
	GlobalSection(ExtensibilityGlobals) = postSolution
		SolutionGuid = {39D2FD24-DA96-48CC-A282-A0321AC651EC}
	EndGlobalSection
EndGlobal
